
Microsoft Visual Studio Solution File, Format Version 12.00
# Visual Studio Version 16
VisualStudioVersion = 16.0.31624.102
MinimumVisualStudioVersion = 10.0.40219.1
Project("{FAE04EC0-301F-11D3-BF4B-00C04F79EFBC}") = "2110181055_MVC", "2110181055_MVC\2110181055_MVC.csproj", "{AF556AD7-819F-4BA4-A1E8-281A07EC0879}"
EndProject
Global
	GlobalSection(SolutionConfigurationPlatforms) = preSolution
		Debug|Any CPU = Debug|Any CPU
		Release|Any CPU = Release|Any CPU
	EndGlobalSection
	GlobalSection(ProjectConfigurationPlatforms) = postSolution
		{AF556AD7-819F-4BA4-A1E8-281A07EC0879}.Debug|Any CPU.ActiveCfg = Debug|Any CPU
		{AF556AD7-819F-4BA4-A1E8-281A07EC0879}.Debug|Any CPU.Build.0 = Debug|Any CPU
		{AF556AD7-819F-4BA4-A1E8-281A07EC0879}.Release|Any CPU.ActiveCfg = Release|Any CPU
		{AF556AD7-819F-4BA4-A1E8-281A07EC0879}.Release|Any CPU.Build.0 = Release|Any CPU
	EndGlobalSection
	GlobalSection(SolutionProperties) = preSolution
		HideSolutionNode = FALSE
	EndGlobalSection
	GlobalSection(ExtensibilityGlobals) = postSolution
		SolutionGuid = {0A17A72A-8AF9-48BF-8736-C1F87854B475}
	EndGlobalSection
EndGlobal
